// !$*UTF8*$!
{
	archiveVersion = 1;
	classes = {
	};
	objectVersion = 50;
	objects = {

/* Begin PBXBuildFile section */
		22CFFECE268CED0800313A59 /* TestEnvObjApp.swift in Sources */ = {isa = PBXBuildFile; fileRef = 22CFFECD268CED0800313A59 /* TestEnvObjApp.swift */; };
		22CFFED0268CED0800313A59 /* ContentView.swift in Sources */ = {isa = PBXBuildFile; fileRef = 22CFFECF268CED0800313A59 /* ContentView.swift */; };
		22CFFED2268CED0900313A59 /* Assets.xcassets in Resources */ = {isa = PBXBuildFile; fileRef = 22CFFED1268CED0900313A59 /* Assets.xcassets */; };
		22CFFED5268CED0900313A59 /* Preview Assets.xcassets in Resources */ = {isa = PBXBuildFile; fileRef = 22CFFED4268CED0900313A59 /* Preview Assets.xcassets */; };
		22CFFEE0268CED0900313A59 /* TestEnvObjTests.swift in Sources */ = {isa = PBXBuildFile; fileRef = 22CFFEDF268CED0900313A59 /* TestEnvObjTests.swift */; };
		22CFFEEB268CED0900313A59 /* TestEnvObjUITests.swift in Sources */ = {isa = PBXBuildFile; fileRef = 22CFFEEA268CED0900313A59 /* TestEnvObjUITests.swift */; };
/* End PBXBuildFile section */

/* Begin PBXContainerItemProxy section */
		22CFFEDC268CED0900313A59 /* PBXContainerItemProxy */ = {
			isa = PBXContainerItemProxy;
			containerPortal = 22CFFEC2268CED0800313A59 /* Project object */;
			proxyType = 1;
			remoteGlobalIDString = 22CFFEC9268CED0800313A59;
			remoteInfo = TestEnvObj;
		};
		22CFFEE7268CED0900313A59 /* PBXContainerItemProxy */ = {
			isa = PBXContainerItemProxy;
			containerPortal = 22CFFEC2268CED0800313A59 /* Project object */;
			proxyType = 1;
			remoteGlobalIDString = 22CFFEC9268CED0800313A59;
			remoteInfo = TestEnvObj;
		};
/* End PBXContainerItemProxy section */

/* Begin PBXFileReference section */
		22CFFECA268CED0800313A59 /* TestEnvObj.app */ = {isa = PBXFileReference; explicitFileType = wrapper.application; includeInIndex = 0; path = TestEnvObj.app; sourceTree = BUILT_PRODUCTS_DIR; };
		22CFFECD268CED0800313A59 /* TestEnvObjApp.swift */ = {isa = PBXFileReference; lastKnownFileType = sourcecode.swift; path = TestEnvObjApp.swift; sourceTree = "<group>"; };
		22CFFECF268CED0800313A59 /* ContentView.swift */ = {isa = PBXFileReference; lastKnownFileType = sourcecode.swift; path = ContentView.swift; sourceTree = "<group>"; };
		22CFFED1268CED0900313A59 /* Assets.xcassets */ = {isa = PBXFileReference; lastKnownFileType = folder.assetcatalog; path = Assets.xcassets; sourceTree = "<group>"; };
		22CFFED4268CED0900313A59 /* Preview Assets.xcassets */ = {isa = PBXFileReference; lastKnownFileType = folder.assetcatalog; path = "Preview Assets.xcassets"; sourceTree = "<group>"; };
		22CFFED6268CED0900313A59 /* Info.plist */ = {isa = PBXFileReference; lastKnownFileType = text.plist.xml; path = Info.plist; sourceTree = "<group>"; };
		22CFFEDB268CED0900313A59 /* TestEnvObjTests.xctest */ = {isa = PBXFileReference; explicitFileType = wrapper.cfbundle; includeInIndex = 0; path = TestEnvObjTests.xctest; sourceTree = BUILT_PRODUCTS_DIR; };
		22CFFEDF268CED0900313A59 /* TestEnvObjTests.swift */ = {isa = PBXFileReference; lastKnownFileType = sourcecode.swift; path = TestEnvObjTests.swift; sourceTree = "<group>"; };
		22CFFEE1268CED0900313A59 /* Info.plist */ = {isa = PBXFileReference; lastKnownFileType = text.plist.xml; path = Info.plist; sourceTree = "<group>"; };
		22CFFEE6268CED0900313A59 /* TestEnvObjUITests.xctest */ = {isa = PBXFileReference; explicitFileType = wrapper.cfbundle; includeInIndex = 0; path = TestEnvObjUITests.xctest; sourceTree = BUILT_PRODUCTS_DIR; };
		22CFFEEA268CED0900313A59 /* TestEnvObjUITests.swift */ = {isa = PBXFileReference; lastKnownFileType = sourcecode.swift; path = TestEnvObjUITests.swift; sourceTree = "<group>"; };
		22CFFEEC268CED0900313A59 /* Info.plist */ = {isa = PBXFileReference; lastKnownFileType = text.plist.xml; path = Info.plist; sourceTree = "<group>"; };
/* End PBXFileReference section */

/* Begin PBXFrameworksBuildPhase section */
		22CFFEC7268CED0800313A59 /* Frameworks */ = {
			isa = PBXFrameworksBuildPhase;
			buildActionMask = 2147483647;
			files = (
			);
			runOnlyForDeploymentPostprocessing = 0;
		};
		22CFFED8268CED0900313A59 /* Frameworks */ = {
			isa = PBXFrameworksBuildPhase;
			buildActionMask = 2147483647;
			files = (
			);
			runOnlyForDeploymentPostprocessing = 0;
		};
		22CFFEE3268CED0900313A59 /* Frameworks */ = {
			isa = PBXFrameworksBuildPhase;
			buildActionMask = 2147483647;
			files = (
			);
			runOnlyForDeploymentPostprocessing = 0;
		};
/* End PBXFrameworksBuildPhase section */

/* Begin PBXGroup section */
		22CFFEC1268CED0800313A59 = {
			isa = PBXGroup;
			children = (
				22CFFECC268CED0800313A59 /* TestEnvObj */,
				22CFFEDE268CED0900313A59 /* TestEnvObjTests */,
				22CFFEE9268CED0900313A59 /* TestEnvObjUITests */,
				22CFFECB268CED0800313A59 /* Products */,
			);
			sourceTree = "<group>";
		};
		22CFFECB268CED0800313A59 /* Products */ = {
			isa = PBXGroup;
			children = (
				22CFFECA268CED0800313A59 /* TestEnvObj.app */,
				22CFFEDB268CED0900313A59 /* TestEnvObjTests.xctest */,
				22CFFEE6268CED0900313A59 /* TestEnvObjUITests.xctest */,
			);
			name = Products;
			sourceTree = "<group>";
		};
		22CFFECC268CED0800313A59 /* TestEnvObj */ = {
			isa = PBXGroup;
			children = (
				22CFFECD268CED0800313A59 /* TestEnvObjApp.swift */,
				22CFFECF268CED0800313A59 /* ContentView.swift */,
				22CFFED1268CED0900313A59 /* Assets.xcassets */,
				22CFFED6268CED0900313A59 /* Info.plist */,
				22CFFED3268CED0900313A59 /* Preview Content */,
			);
			path = TestEnvObj;
			sourceTree = "<group>";
		};
		22CFFED3268CED0900313A59 /* Preview Content */ = {
			isa = PBXGroup;
			children = (
				22CFFED4268CED0900313A59 /* Preview Assets.xcassets */,
			);
			path = "Preview Content";
			sourceTree = "<group>";
		};
		22CFFEDE268CED0900313A59 /* TestEnvObjTests */ = {
			isa = PBXGroup;
			children = (
				22CFFEDF268CED0900313A59 /* TestEnvObjTests.swift */,
				22CFFEE1268CED0900313A59 /* Info.plist */,
			);
			path = TestEnvObjTests;
			sourceTree = "<group>";
		};
		22CFFEE9268CED0900313A59 /* TestEnvObjUITests */ = {
			isa = PBXGroup;
			children = (
				22CFFEEA268CED0900313A59 /* TestEnvObjUITests.swift */,
				22CFFEEC268CED0900313A59 /* Info.plist */,
			);
			path = TestEnvObjUITests;
			sourceTree = "<group>";
		};
/* End PBXGroup section */

/* Begin PBXNativeTarget section */
		22CFFEC9268CED0800313A59 /* TestEnvObj */ = {
			isa = PBXNativeTarget;
			buildConfigurationList = 22CFFEEF268CED0900313A59 /* Build configuration list for PBXNativeTarget "TestEnvObj" */;
			buildPhases = (
				22CFFEC6268CED0800313A59 /* Sources */,
				22CFFEC7268CED0800313A59 /* Frameworks */,
				22CFFEC8268CED0800313A59 /* Resources */,
			);
			buildRules = (
			);
			dependencies = (
			);
			name = TestEnvObj;
			productName = TestEnvObj;
			productReference = 22CFFECA268CED0800313A59 /* TestEnvObj.app */;
			productType = "com.apple.product-type.application";
		};
		22CFFEDA268CED0900313A59 /* TestEnvObjTests */ = {
			isa = PBXNativeTarget;
			buildConfigurationList = 22CFFEF2268CED0900313A59 /* Build configuration list for PBXNativeTarget "TestEnvObjTests" */;
			buildPhases = (
				22CFFED7268CED0900313A59 /* Sources */,
				22CFFED8268CED0900313A59 /* Frameworks */,
				22CFFED9268CED0900313A59 /* Resources */,
			);
			buildRules = (
			);
			dependencies = (
				22CFFEDD268CED0900313A59 /* PBXTargetDependency */,
			);
			name = TestEnvObjTests;
			productName = TestEnvObjTests;
			productReference = 22CFFEDB268CED0900313A59 /* TestEnvObjTests.xctest */;
			productType = "com.apple.product-type.bundle.unit-test";
		};
		22CFFEE5268CED0900313A59 /* TestEnvObjUITests */ = {
			isa = PBXNativeTarget;
			buildConfigurationList = 22CFFEF5268CED0900313A59 /* Build configuration list for PBXNativeTarget "TestEnvObjUITests" */;
			buildPhases = (
				22CFFEE2268CED0900313A59 /* Sources */,
				22CFFEE3268CED0900313A59 /* Frameworks */,
				22CFFEE4268CED0900313A59 /* Resources */,
			);
			buildRules = (
			);
			dependencies = (
				22CFFEE8268CED0900313A59 /* PBXTargetDependency */,
			);
			name = TestEnvObjUITests;
			productName = TestEnvObjUITests;
			productReference = 22CFFEE6268CED0900313A59 /* TestEnvObjUITests.xctest */;
			productType = "com.apple.product-type.bundle.ui-testing";
		};
/* End PBXNativeTarget section */

/* Begin PBXProject section */
		22CFFEC2268CED0800313A59 /* Project object */ = {
			isa = PBXProject;
			attributes = {
				LastSwiftUpdateCheck = 1250;
				LastUpgradeCheck = 1250;
				TargetAttributes = {
					22CFFEC9268CED0800313A59 = {
						CreatedOnToolsVersion = 12.5;
					};
					22CFFEDA268CED0900313A59 = {
						CreatedOnToolsVersion = 12.5;
						TestTargetID = 22CFFEC9268CED0800313A59;
					};
					22CFFEE5268CED0900313A59 = {
						CreatedOnToolsVersion = 12.5;
						TestTargetID = 22CFFEC9268CED0800313A59;
					};
				};
			};
			buildConfigurationList = 22CFFEC5268CED0800313A59 /* Build configuration list for PBXProject "TestEnvObj" */;
			compatibilityVersion = "Xcode 9.3";
			developmentRegion = en;
			hasScannedForEncodings = 0;
			knownRegions = (
				en,
				Base,
			);
			mainGroup = 22CFFEC1268CED0800313A59;
			productRefGroup = 22CFFECB268CED0800313A59 /* Products */;
			projectDirPath = "";
			projectRoot = "";
			targets = (
				22CFFEC9268CED0800313A59 /* TestEnvObj */,
				22CFFEDA268CED0900313A59 /* TestEnvObjTests */,
				22CFFEE5268CED0900313A59 /* TestEnvObjUITests */,
			);
		};
/* End PBXProject section */

/* Begin PBXResourcesBuildPhase section */
		22CFFEC8268CED0800313A59 /* Resources */ = {
			isa = PBXResourcesBuildPhase;
			buildActionMask = 2147483647;
			files = (
				22CFFED5268CED0900313A59 /* Preview Assets.xcassets in Resources */,
				22CFFED2268CED0900313A59 /* Assets.xcassets in Resources */,
			);
			runOnlyForDeploymentPostprocessing = 0;
		};
		22CFFED9268CED0900313A59 /* Resources */ = {
			isa = PBXResourcesBuildPhase;
			buildActionMask = 2147483647;
			files = (
			);
			runOnlyForDeploymentPostprocessing = 0;
		};
		22CFFEE4268CED0900313A59 /* Resources */ = {
			isa = PBXResourcesBuildPhase;
			buildActionMask = 2147483647;
			files = (
			);
			runOnlyForDeploymentPostprocessing = 0;
		};
/* End PBXResourcesBuildPhase section */

/* Begin PBXSourcesBuildPhase section */
		22CFFEC6268CED0800313A59 /* Sources */ = {
			isa = PBXSourcesBuildPhase;
			buildActionMask = 2147483647;
			files = (
				22CFFED0268CED0800313A59 /* ContentView.swift in Sources */,
				22CFFECE268CED0800313A59 /* TestEnvObjApp.swift in Sources */,
			);
			runOnlyForDeploymentPostprocessing = 0;
		};
		22CFFED7268CED0900313A59 /* Sources */ = {
			isa = PBXSourcesBuildPhase;
			buildActionMask = 2147483647;
			files = (
				22CFFEE0268CED0900313A59 /* TestEnvObjTests.swift in Sources */,
			);
			runOnlyForDeploymentPostprocessing = 0;
		};
		22CFFEE2268CED0900313A59 /* Sources */ = {
			isa = PBXSourcesBuildPhase;
			buildActionMask = 2147483647;
			files = (
				22CFFEEB268CED0900313A59 /* TestEnvObjUITests.swift in Sources */,
			);
			runOnlyForDeploymentPostprocessing = 0;
		};
/* End PBXSourcesBuildPhase section */

/* Begin PBXTargetDependency section */
		22CFFEDD268CED0900313A59 /* PBXTargetDependency */ = {
			isa = PBXTargetDependency;
			target = 22CFFEC9268CED0800313A59 /* TestEnvObj */;
			targetProxy = 22CFFEDC268CED0900313A59 /* PBXContainerItemProxy */;
		};
		22CFFEE8268CED0900313A59 /* PBXTargetDependency */ = {
			isa = PBXTargetDependency;
			target = 22CFFEC9268CED0800313A59 /* TestEnvObj */;
			targetProxy = 22CFFEE7268CED0900313A59 /* PBXContainerItemProxy */;
		};
/* End PBXTargetDependency section */

/* Begin XCBuildConfiguration section */
		22CFFEED268CED0900313A59 /* Debug */ = {
			isa = XCBuildConfiguration;
			buildSettings = {
				ALWAYS_SEARCH_USER_PATHS = NO;
				CLANG_ANALYZER_NONNULL = YES;
				CLANG_ANALYZER_NUMBER_OBJECT_CONVERSION = YES_AGGRESSIVE;
				CLANG_CXX_LANGUAGE_STANDARD = "gnu++14";
				CLANG_CXX_LIBRARY = "libc++";
				CLANG_ENABLE_MODULES = YES;
				CLANG_ENABLE_OBJC_ARC = YES;
				CLANG_ENABLE_OBJC_WEAK = YES;
				CLANG_WARN_BLOCK_CAPTURE_AUTORELEASING = YES;
				CLANG_WARN_BOOL_CONVERSION = YES;
				CLANG_WARN_COMMA = YES;
				CLANG_WARN_CONSTANT_CONVERSION = YES;
				CLANG_WARN_DEPRECATED_OBJC_IMPLEMENTATIONS = YES;
				CLANG_WARN_DIRECT_OBJC_ISA_USAGE = YES_ERROR;
				CLANG_WARN_DOCUMENTATION_COMMENTS = YES;
				CLANG_WARN_EMPTY_BODY = YES;
				CLANG_WARN_ENUM_CONVERSION = YES;
				CLANG_WARN_INFINITE_RECURSION = YES;
				CLANG_WARN_INT_CONVERSION = YES;
				CLANG_WARN_NON_LITERAL_NULL_CONVERSION = YES;
				CLANG_WARN_OBJC_IMPLICIT_RETAIN_SELF = YES;
				CLANG_WARN_OBJC_LITERAL_CONVERSION = YES;
				CLANG_WARN_OBJC_ROOT_CLASS = YES_ERROR;
				CLANG_WARN_QUOTED_INCLUDE_IN_FRAMEWORK_HEADER = YES;
				CLANG_WARN_RANGE_LOOP_ANALYSIS = YES;
				CLANG_WARN_STRICT_PROTOTYPES = YES;
				CLANG_WARN_SUSPICIOUS_MOVE = YES;
				CLANG_WARN_UNGUARDED_AVAILABILITY = YES_AGGRESSIVE;
				CLANG_WARN_UNREACHABLE_CODE = YES;
				CLANG_WARN__DUPLICATE_METHOD_MATCH = YES;
				COPY_PHASE_STRIP = NO;
				DEBUG_INFORMATION_FORMAT = dwarf;
				ENABLE_STRICT_OBJC_MSGSEND = YES;
				ENABLE_TESTABILITY = YES;
				GCC_C_LANGUAGE_STANDARD = gnu11;
				GCC_DYNAMIC_NO_PIC = NO;
				GCC_NO_COMMON_BLOCKS = YES;
				GCC_OPTIMIZATION_LEVEL = 0;
				GCC_PREPROCESSOR_DEFINITIONS = (
					"DEBUG=1",
					"$(inherited)",
				);
				GCC_WARN_64_TO_32_BIT_CONVERSION = YES;
				GCC_WARN_ABOUT_RETURN_TYPE = YES_ERROR;
				GCC_WARN_UNDECLARED_SELECTOR = YES;
				GCC_WARN_UNINITIALIZED_AUTOS = YES_AGGRESSIVE;
				GCC_WARN_UNUSED_FUNCTION = YES;
				GCC_WARN_UNUSED_VARIABLE = YES;
				IPHONEOS_DEPLOYMENT_TARGET = 14.5;
				MTL_ENABLE_DEBUG_INFO = INCLUDE_SOURCE;
				MTL_FAST_MATH = YES;
				ONLY_ACTIVE_ARCH = YES;
				SDKROOT = iphoneos;
				SWIFT_ACTIVE_COMPILATION_CONDITIONS = DEBUG;
				SWIFT_OPTIMIZATION_LEVEL = "-Onone";
			};
			name = Debug;
		};
		22CFFEEE268CED0900313A59 /* Release */ = {
			isa = XCBuildConfiguration;
			buildSettings = {
				ALWAYS_SEARCH_USER_PATHS = NO;
				CLANG_ANALYZER_NONNULL = YES;
				CLANG_ANALYZER_NUMBER_OBJECT_CONVERSION = YES_AGGRESSIVE;
				CLANG_CXX_LANGUAGE_STANDARD = "gnu++14";
				CLANG_CXX_LIBRARY = "libc++";
				CLANG_ENABLE_MODULES = YES;
				CLANG_ENABLE_OBJC_ARC = YES;
				CLANG_ENABLE_OBJC_WEAK = YES;
				CLANG_WARN_BLOCK_CAPTURE_AUTORELEASING = YES;
				CLANG_WARN_BOOL_CONVERSION = YES;
				CLANG_WARN_COMMA = YES;
				CLANG_WARN_CONSTANT_CONVERSION = YES;
				CLANG_WARN_DEPRECATED_OBJC_IMPLEMENTATIONS = YES;
				CLANG_WARN_DIRECT_OBJC_ISA_USAGE = YES_ERROR;
				CLANG_WARN_DOCUMENTATION_COMMENTS = YES;
				CLANG_WARN_EMPTY_BODY = YES;
				CLANG_WARN_ENUM_CONVERSION = YES;
				CLANG_WARN_INFINITE_RECURSION = YES;
				CLANG_WARN_INT_CONVERSION = YES;
				CLANG_WARN_NON_LITERAL_NULL_CONVERSION = YES;
				CLANG_WARN_OBJC_IMPLICIT_RETAIN_SELF = YES;
				CLANG_WARN_OBJC_LITERAL_CONVERSION = YES;
				CLANG_WARN_OBJC_ROOT_CLASS = YES_ERROR;
				CLANG_WARN_QUOTED_INCLUDE_IN_FRAMEWORK_HEADER = YES;
				CLANG_WARN_RANGE_LOOP_ANALYSIS = YES;
				CLANG_WARN_STRICT_PROTOTYPES = YES;
				CLANG_WARN_SUSPICIOUS_MOVE = YES;
				CLANG_WARN_UNGUARDED_AVAILABILITY = YES_AGGRESSIVE;
				CLANG_WARN_UNREACHABLE_CODE = YES;
				CLANG_WARN__DUPLICATE_METHOD_MATCH = YES;
				COPY_PHASE_STRIP = NO;
				DEBUG_INFORMATION_FORMAT = "dwarf-with-dsym";
				ENABLE_NS_ASSERTIONS = NO;
				ENABLE_STRICT_OBJC_MSGSEND = YES;
				GCC_C_LANGUAGE_STANDARD = gnu11;
				GCC_NO_COMMON_BLOCKS = YES;
				GCC_WARN_64_TO_32_BIT_CONVERSION = YES;
				GCC_WARN_ABOUT_RETURN_TYPE = YES_ERROR;
				GCC_WARN_UNDECLARED_SELECTOR = YES;
				GCC_WARN_UNINITIALIZED_AUTOS = YES_AGGRESSIVE;
				GCC_WARN_UNUSED_FUNCTION = YES;
				GCC_WARN_UNUSED_VARIABLE = YES;
				IPHONEOS_DEPLOYMENT_TARGET = 14.5;
				MTL_ENABLE_DEBUG_INFO = NO;
				MTL_FAST_MATH = YES;
				SDKROOT = iphoneos;
				SWIFT_COMPILATION_MODE = wholemodule;
				SWIFT_OPTIMIZATION_LEVEL = "-O";
				VALIDATE_PRODUCT = YES;
			};
			name = Release;
		};
		22CFFEF0268CED0900313A59 /* Debug */ = {
			isa = XCBuildConfiguration;
			buildSettings = {
				ASSETCATALOG_COMPILER_APPICON_NAME = AppIcon;
				ASSETCATALOG_COMPILER_GLOBAL_ACCENT_COLOR_NAME = AccentColor;
				CODE_SIGN_STYLE = Automatic;
				DEVELOPMENT_ASSET_PATHS = "\"TestEnvObj/Preview Content\"";
				DEVELOPMENT_TEAM = 6H82KV2XS8;
				ENABLE_PREVIEWS = YES;
				INFOPLIST_FILE = TestEnvObj/Info.plist;
				IPHONEOS_DEPLOYMENT_TARGET = 14.0;
				LD_RUNPATH_SEARCH_PATHS = (
					"$(inherited)",
					"@executable_path/Frameworks",
				);
				PRODUCT_BUNDLE_IDENTIFIER = com.healthapogee.TestEnvObj;
				PRODUCT_NAME = "$(TARGET_NAME)";
				SWIFT_VERSION = 5.0;
				TARGETED_DEVICE_FAMILY = "1,2";
			};
			name = Debug;
		};
		22CFFEF1268CED0900313A59 /* Release */ = {
			isa = XCBuildConfiguration;
			buildSettings = {
				ASSETCATALOG_COMPILER_APPICON_NAME = AppIcon;
				ASSETCATALOG_COMPILER_GLOBAL_ACCENT_COLOR_NAME = AccentColor;
				CODE_SIGN_STYLE = Automatic;
				DEVELOPMENT_ASSET_PATHS = "\"TestEnvObj/Preview Content\"";
				DEVELOPMENT_TEAM = 6H82KV2XS8;
				ENABLE_PREVIEWS = YES;
				INFOPLIST_FILE = TestEnvObj/Info.plist;
				IPHONEOS_DEPLOYMENT_TARGET = 14.0;
				LD_RUNPATH_SEARCH_PATHS = (
					"$(inherited)",
					"@executable_path/Frameworks",
				);
				PRODUCT_BUNDLE_IDENTIFIER = com.healthapogee.TestEnvObj;
				PRODUCT_NAME = "$(TARGET_NAME)";
				SWIFT_VERSION = 5.0;
				TARGETED_DEVICE_FAMILY = "1,2";
			};
			name = Release;
		};
		22CFFEF3268CED0900313A59 /* Debug */ = {
			isa = XCBuildConfiguration;
			buildSettings = {
				ALWAYS_EMBED_SWIFT_STANDARD_LIBRARIES = YES;
				BUNDLE_LOADER = "$(TEST_HOST)";
				CODE_SIGN_STYLE = Automatic;
				DEVELOPMENT_TEAM = 6H82KV2XS8;
				INFOPLIST_FILE = TestEnvObjTests/Info.plist;
				IPHONEOS_DEPLOYMENT_TARGET = 14.0;
				LD_RUNPATH_SEARCH_PATHS = (
					"$(inherited)",
					"@executable_path/Frameworks",
					"@loader_path/Frameworks",
				);
				PRODUCT_BUNDLE_IDENTIFIER = com.healthapogee.TestEnvObjTests;
				PRODUCT_NAME = "$(TARGET_NAME)";
				SWIFT_VERSION = 5.0;
				TARGETED_DEVICE_FAMILY = "1,2";
				TEST_HOST = "$(BUILT_PRODUCTS_DIR)/TestEnvObj.app/TestEnvObj";
			};
			name = Debug;
		};
		22CFFEF4268CED0900313A59 /* Release */ = {
			isa = XCBuildConfiguration;
			buildSettings = {
				ALWAYS_EMBED_SWIFT_STANDARD_LIBRARIES = YES;
				BUNDLE_LOADER = "$(TEST_HOST)";
				CODE_SIGN_STYLE = Automatic;
				DEVELOPMENT_TEAM = 6H82KV2XS8;
				INFOPLIST_FILE = TestEnvObjTests/Info.plist;
				IPHONEOS_DEPLOYMENT_TARGET = 14.0;
				LD_RUNPATH_SEARCH_PATHS = (
					"$(inherited)",
					"@executable_path/Frameworks",
					"@loader_path/Frameworks",
				);
				PRODUCT_BUNDLE_IDENTIFIER = com.healthapogee.TestEnvObjTests;
				PRODUCT_NAME = "$(TARGET_NAME)";
				SWIFT_VERSION = 5.0;
				TARGETED_DEVICE_FAMILY = "1,2";
				TEST_HOST = "$(BUILT_PRODUCTS_DIR)/TestEnvObj.app/TestEnvObj";
			};
			name = Release;
		};
		22CFFEF6268CED0900313A59 /* Debug */ = {
			isa = XCBuildConfiguration;
			buildSettings = {
				ALWAYS_EMBED_SWIFT_STANDARD_LIBRARIES = YES;
				CODE_SIGN_STYLE = Automatic;
				DEVELOPMENT_TEAM = 6H82KV2XS8;
				INFOPLIST_FILE = TestEnvObjUITests/Info.plist;
				LD_RUNPATH_SEARCH_PATHS = (
					"$(inherited)",
					"@executable_path/Frameworks",
					"@loader_path/Frameworks",
				);
				PRODUCT_BUNDLE_IDENTIFIER = com.healthapogee.TestEnvObjUITests;
				PRODUCT_NAME = "$(TARGET_NAME)";
				SWIFT_VERSION = 5.0;
				TARGETED_DEVICE_FAMILY = "1,2";
				TEST_TARGET_NAME = TestEnvObj;
			};
			name = Debug;
		};
		22CFFEF7268CED0900313A59 /* Release */ = {
			isa = XCBuildConfiguration;
			buildSettings = {
				ALWAYS_EMBED_SWIFT_STANDARD_LIBRARIES = YES;
				CODE_SIGN_STYLE = Automatic;
				DEVELOPMENT_TEAM = 6H82KV2XS8;
				INFOPLIST_FILE = TestEnvObjUITests/Info.plist;
				LD_RUNPATH_SEARCH_PATHS = (
					"$(inherited)",
					"@executable_path/Frameworks",
					"@loader_path/Frameworks",
				);
				PRODUCT_BUNDLE_IDENTIFIER = com.healthapogee.TestEnvObjUITests;
				PRODUCT_NAME = "$(TARGET_NAME)";
				SWIFT_VERSION = 5.0;
				TARGETED_DEVICE_FAMILY = "1,2";
				TEST_TARGET_NAME = TestEnvObj;
			};
			name = Release;
		};
/* End XCBuildConfiguration section */

/* Begin XCConfigurationList section */
		22CFFEC5268CED0800313A59 /* Build configuration list for PBXProject "TestEnvObj" */ = {
			isa = XCConfigurationList;
			buildConfigurations = (
				22CFFEED268CED0900313A59 /* Debug */,
				22CFFEEE268CED0900313A59 /* Release */,
			);
			defaultConfigurationIsVisible = 0;
			defaultConfigurationName = Release;
		};
		22CFFEEF268CED0900313A59 /* Build configuration list for PBXNativeTarget "TestEnvObj" */ = {
			isa = XCConfigurationList;
			buildConfigurations = (
				22CFFEF0268CED0900313A59 /* Debug */,
				22CFFEF1268CED0900313A59 /* Release */,
			);
			defaultConfigurationIsVisible = 0;
			defaultConfigurationName = Release;
		};
		22CFFEF2268CED0900313A59 /* Build configuration list for PBXNativeTarget "TestEnvObjTests" */ = {
			isa = XCConfigurationList;
			buildConfigurations = (
				22CFFEF3268CED0900313A59 /* Debug */,
				22CFFEF4268CED0900313A59 /* Release */,
			);
			defaultConfigurationIsVisible = 0;
			defaultConfigurationName = Release;
		};
		22CFFEF5268CED0900313A59 /* Build configuration list for PBXNativeTarget "TestEnvObjUITests" */ = {
			isa = XCConfigurationList;
			buildConfigurations = (
				22CFFEF6268CED0900313A59 /* Debug */,
				22CFFEF7268CED0900313A59 /* Release */,
			);
			defaultConfigurationIsVisible = 0;
			defaultConfigurationName = Release;
		};
/* End XCConfigurationList section */
	};
	rootObject = 22CFFEC2268CED0800313A59 /* Project object */;
}
